
Microsoft Visual Studio Solution File, Format Version 12.00
# Visual Studio Version 16
VisualStudioVersion = 16.0.32228.343
MinimumVisualStudioVersion = 10.0.40219.1
Project("{FAE04EC0-301F-11D3-BF4B-00C04F79EFBC}") = "JenkinsTest", "JenkinsTest\JenkinsTest.csproj", "{AC1C3798-B23D-4881-9E0A-446A54CC64CE}"
EndProject
Global
	GlobalSection(SolutionConfigurationPlatforms) = preSolution
		Debug|Any CPU = Debug|Any CPU
		Release|Any CPU = Release|Any CPU
	EndGlobalSection
	GlobalSection(ProjectConfigurationPlatforms) = postSolution
		{AC1C3798-B23D-4881-9E0A-446A54CC64CE}.Debug|Any CPU.ActiveCfg = Debug|Any CPU
		{AC1C3798-B23D-4881-9E0A-446A54CC64CE}.Debug|Any CPU.Build.0 = Debug|Any CPU
		{AC1C3798-B23D-4881-9E0A-446A54CC64CE}.Release|Any CPU.ActiveCfg = Release|Any CPU
		{AC1C3798-B23D-4881-9E0A-446A54CC64CE}.Release|Any CPU.Build.0 = Release|Any CPU
	EndGlobalSection
	GlobalSection(SolutionProperties) = preSolution
		HideSolutionNode = FALSE
	EndGlobalSection
	GlobalSection(ExtensibilityGlobals) = postSolution
		SolutionGuid = {4D07616A-210D-464B-AE49-5BB0E56C962C}
	EndGlobalSection
EndGlobal
